
Microsoft Visual Studio Solution File, Format Version 12.00
# Visual Studio Version 17
VisualStudioVersion = 17.5.33516.290
MinimumVisualStudioVersion = 10.0.40219.1
Project("{9A19103F-16F7-4668-BE54-9A1E7A4F7556}") = "DictionaryApplication", "DictionaryApplication\DictionaryApplication.csproj", "{514965A0-B584-4EC5-A2A4-7D45F75D5680}"
EndProject
Project("{9A19103F-16F7-4668-BE54-9A1E7A4F7556}") = "DictionaryApplication.Tests", "DictionaryApplication.Tests\DictionaryApplication.Tests.csproj", "{D2687BD2-5861-4224-9AC5-FAE5C9CE2024}"
EndProject
Project("{9A19103F-16F7-4668-BE54-9A1E7A4F7556}") = "LingvoInfoAPI", "B:\IT\MainRepository\LingvoInfoAPI\LanguageStudyAPI\LingvoInfoAPI.csproj", "{DF681531-E228-4C26-9D21-152EB5EDD314}"
EndProject
Project("{9A19103F-16F7-4668-BE54-9A1E7A4F7556}") = "LingvoInfoAPI.Tests", "B:\IT\MainRepository\LingvoInfoAPI\LanguageStudyAPI.Tests\LingvoInfoAPI.Tests.csproj", "{EC755B9B-F477-4A6C-A87D-429A974A1CCC}"
EndProject
Global
	GlobalSection(SolutionConfigurationPlatforms) = preSolution
		Debug|Any CPU = Debug|Any CPU
		Release|Any CPU = Release|Any CPU
	EndGlobalSection
	GlobalSection(ProjectConfigurationPlatforms) = postSolution
		{514965A0-B584-4EC5-A2A4-7D45F75D5680}.Debug|Any CPU.ActiveCfg = Debug|Any CPU
		{514965A0-B584-4EC5-A2A4-7D45F75D5680}.Debug|Any CPU.Build.0 = Debug|Any CPU
		{514965A0-B584-4EC5-A2A4-7D45F75D5680}.Release|Any CPU.ActiveCfg = Release|Any CPU
		{514965A0-B584-4EC5-A2A4-7D45F75D5680}.Release|Any CPU.Build.0 = Release|Any CPU
		{D2687BD2-5861-4224-9AC5-FAE5C9CE2024}.Debug|Any CPU.ActiveCfg = Debug|Any CPU
		{D2687BD2-5861-4224-9AC5-FAE5C9CE2024}.Debug|Any CPU.Build.0 = Debug|Any CPU
		{D2687BD2-5861-4224-9AC5-FAE5C9CE2024}.Release|Any CPU.ActiveCfg = Release|Any CPU
		{D2687BD2-5861-4224-9AC5-FAE5C9CE2024}.Release|Any CPU.Build.0 = Release|Any CPU
		{DF681531-E228-4C26-9D21-152EB5EDD314}.Debug|Any CPU.ActiveCfg = Debug|Any CPU
		{DF681531-E228-4C26-9D21-152EB5EDD314}.Debug|Any CPU.Build.0 = Debug|Any CPU
		{DF681531-E228-4C26-9D21-152EB5EDD314}.Release|Any CPU.ActiveCfg = Release|Any CPU
		{DF681531-E228-4C26-9D21-152EB5EDD314}.Release|Any CPU.Build.0 = Release|Any CPU
		{EC755B9B-F477-4A6C-A87D-429A974A1CCC}.Debug|Any CPU.ActiveCfg = Debug|Any CPU
		{EC755B9B-F477-4A6C-A87D-429A974A1CCC}.Debug|Any CPU.Build.0 = Debug|Any CPU
		{EC755B9B-F477-4A6C-A87D-429A974A1CCC}.Release|Any CPU.ActiveCfg = Release|Any CPU
		{EC755B9B-F477-4A6C-A87D-429A974A1CCC}.Release|Any CPU.Build.0 = Release|Any CPU
	EndGlobalSection
	GlobalSection(SolutionProperties) = preSolution
		HideSolutionNode = FALSE
	EndGlobalSection
	GlobalSection(ExtensibilityGlobals) = postSolution
		SolutionGuid = {7960B860-F1C2-402A-A444-29C274C00C9E}
	EndGlobalSection
EndGlobal
